// !$*UTF8*$!
{
	archiveVersion = 1;
	classes = {
	};
	objectVersion = 51;
	objects = {

/* Begin PBXBuildFile section */
		2FF486D50803294D218F7B6A /* Pods_oramaDesafio.framework in Frameworks */ = {isa = PBXBuildFile; fileRef = FAFB73AA0360B1A1B0944258 /* Pods_oramaDesafio.framework */; };
		F934FC3124FDC2EF00D78C35 /* AppDelegate.swift in Sources */ = {isa = PBXBuildFile; fileRef = F934FC3024FDC2EF00D78C35 /* AppDelegate.swift */; };
		F934FC3324FDC2EF00D78C35 /* SceneDelegate.swift in Sources */ = {isa = PBXBuildFile; fileRef = F934FC3224FDC2EF00D78C35 /* SceneDelegate.swift */; };
		F934FC3524FDC2EF00D78C35 /* FundoCollectionViewController.swift in Sources */ = {isa = PBXBuildFile; fileRef = F934FC3424FDC2EF00D78C35 /* FundoCollectionViewController.swift */; };
		F934FC3A24FDC2F900D78C35 /* Assets.xcassets in Resources */ = {isa = PBXBuildFile; fileRef = F934FC3924FDC2F900D78C35 /* Assets.xcassets */; };
		F98A912724FEC1F30045EC4F /* FundosJSON.swift in Sources */ = {isa = PBXBuildFile; fileRef = F98A912624FEC1F30045EC4F /* FundosJSON.swift */; };
		F98A912B24FEC2A70045EC4F /* LaunchScreen.storyboard in Resources */ = {isa = PBXBuildFile; fileRef = F98A912A24FEC2A70045EC4F /* LaunchScreen.storyboard */; };
		F98A912D24FED8810045EC4F /* Network.swift in Sources */ = {isa = PBXBuildFile; fileRef = F98A912C24FED8810045EC4F /* Network.swift */; };
		F98A912F24FF125A0045EC4F /* DetailsFundoViewController.swift in Sources */ = {isa = PBXBuildFile; fileRef = F98A912E24FF125A0045EC4F /* DetailsFundoViewController.swift */; };
		F98A913124FF18190045EC4F /* FundoViewCell.swift in Sources */ = {isa = PBXBuildFile; fileRef = F98A913024FF18180045EC4F /* FundoViewCell.swift */; };
		F98A91372501BC810045EC4F /* HistoricoViewCell.swift in Sources */ = {isa = PBXBuildFile; fileRef = F98A91362501BC810045EC4F /* HistoricoViewCell.swift */; };
		F98A91392501BCDB0045EC4F /* HistoricoViewController.swift in Sources */ = {isa = PBXBuildFile; fileRef = F98A91382501BCDB0045EC4F /* HistoricoViewController.swift */; };
		F98A913C250428700045EC4F /* FundoDB.swift in Sources */ = {isa = PBXBuildFile; fileRef = F98A913B250428700045EC4F /* FundoDB.swift */; };
		F98A913F250555120045EC4F /* Database.swift in Sources */ = {isa = PBXBuildFile; fileRef = F98A913E250555110045EC4F /* Database.swift */; };
/* End PBXBuildFile section */

/* Begin PBXFileReference section */
		1838B968FDE3E6ABA3F5C46E /* Pods-oramaDesafio.debug.xcconfig */ = {isa = PBXFileReference; includeInIndex = 1; lastKnownFileType = text.xcconfig; name = "Pods-oramaDesafio.debug.xcconfig"; path = "Target Support Files/Pods-oramaDesafio/Pods-oramaDesafio.debug.xcconfig"; sourceTree = "<group>"; };
		CE812F0E9CBBDA8336F5BFDC /* Pods-oramaDesafio.release.xcconfig */ = {isa = PBXFileReference; includeInIndex = 1; lastKnownFileType = text.xcconfig; name = "Pods-oramaDesafio.release.xcconfig"; path = "Target Support Files/Pods-oramaDesafio/Pods-oramaDesafio.release.xcconfig"; sourceTree = "<group>"; };
		F934FC2D24FDC2EF00D78C35 /* oramaDesafio.app */ = {isa = PBXFileReference; explicitFileType = wrapper.application; includeInIndex = 0; path = oramaDesafio.app; sourceTree = BUILT_PRODUCTS_DIR; };
		F934FC3024FDC2EF00D78C35 /* AppDelegate.swift */ = {isa = PBXFileReference; lastKnownFileType = sourcecode.swift; path = AppDelegate.swift; sourceTree = "<group>"; };
		F934FC3224FDC2EF00D78C35 /* SceneDelegate.swift */ = {isa = PBXFileReference; lastKnownFileType = sourcecode.swift; path = SceneDelegate.swift; sourceTree = "<group>"; };
		F934FC3424FDC2EF00D78C35 /* FundoCollectionViewController.swift */ = {isa = PBXFileReference; lastKnownFileType = sourcecode.swift; path = FundoCollectionViewController.swift; sourceTree = "<group>"; };
		F934FC3924FDC2F900D78C35 /* Assets.xcassets */ = {isa = PBXFileReference; lastKnownFileType = folder.assetcatalog; path = Assets.xcassets; sourceTree = "<group>"; };
		F934FC3E24FDC2F900D78C35 /* Info.plist */ = {isa = PBXFileReference; lastKnownFileType = text.plist.xml; path = Info.plist; sourceTree = "<group>"; };
		F98A912624FEC1F30045EC4F /* FundosJSON.swift */ = {isa = PBXFileReference; lastKnownFileType = sourcecode.swift; path = FundosJSON.swift; sourceTree = "<group>"; };
		F98A912A24FEC2A70045EC4F /* LaunchScreen.storyboard */ = {isa = PBXFileReference; fileEncoding = 4; lastKnownFileType = file.storyboard; path = LaunchScreen.storyboard; sourceTree = "<group>"; };
		F98A912C24FED8810045EC4F /* Network.swift */ = {isa = PBXFileReference; lastKnownFileType = sourcecode.swift; path = Network.swift; sourceTree = "<group>"; };
		F98A912E24FF125A0045EC4F /* DetailsFundoViewController.swift */ = {isa = PBXFileReference; lastKnownFileType = sourcecode.swift; path = DetailsFundoViewController.swift; sourceTree = "<group>"; };
		F98A913024FF18180045EC4F /* FundoViewCell.swift */ = {isa = PBXFileReference; lastKnownFileType = sourcecode.swift; path = FundoViewCell.swift; sourceTree = "<group>"; };
		F98A91362501BC810045EC4F /* HistoricoViewCell.swift */ = {isa = PBXFileReference; lastKnownFileType = sourcecode.swift; path = HistoricoViewCell.swift; sourceTree = "<group>"; };
		F98A91382501BCDB0045EC4F /* HistoricoViewController.swift */ = {isa = PBXFileReference; lastKnownFileType = sourcecode.swift; path = HistoricoViewController.swift; sourceTree = "<group>"; };
		F98A913B250428700045EC4F /* FundoDB.swift */ = {isa = PBXFileReference; lastKnownFileType = sourcecode.swift; path = FundoDB.swift; sourceTree = "<group>"; };
		F98A913E250555110045EC4F /* Database.swift */ = {isa = PBXFileReference; lastKnownFileType = sourcecode.swift; path = Database.swift; sourceTree = "<group>"; };
		FAFB73AA0360B1A1B0944258 /* Pods_oramaDesafio.framework */ = {isa = PBXFileReference; explicitFileType = wrapper.framework; includeInIndex = 0; path = Pods_oramaDesafio.framework; sourceTree = BUILT_PRODUCTS_DIR; };
/* End PBXFileReference section */

/* Begin PBXFrameworksBuildPhase section */
		F934FC2A24FDC2EF00D78C35 /* Frameworks */ = {
			isa = PBXFrameworksBuildPhase;
			buildActionMask = 2147483647;
			files = (
				2FF486D50803294D218F7B6A /* Pods_oramaDesafio.framework in Frameworks */,
			);
			runOnlyForDeploymentPostprocessing = 0;
		};
/* End PBXFrameworksBuildPhase section */

/* Begin PBXGroup section */
		27386CD7CA01969A87D6DB46 /* Frameworks */ = {
			isa = PBXGroup;
			children = (
				FAFB73AA0360B1A1B0944258 /* Pods_oramaDesafio.framework */,
			);
			name = Frameworks;
			sourceTree = "<group>";
		};
		9806347C6ED84C52BAC58633 /* Pods */ = {
			isa = PBXGroup;
			children = (
				1838B968FDE3E6ABA3F5C46E /* Pods-oramaDesafio.debug.xcconfig */,
				CE812F0E9CBBDA8336F5BFDC /* Pods-oramaDesafio.release.xcconfig */,
			);
			path = Pods;
			sourceTree = "<group>";
		};
		F934FC2424FDC2EF00D78C35 = {
			isa = PBXGroup;
			children = (
				F934FC2F24FDC2EF00D78C35 /* oramaDesafio */,
				F934FC2E24FDC2EF00D78C35 /* Products */,
				9806347C6ED84C52BAC58633 /* Pods */,
				27386CD7CA01969A87D6DB46 /* Frameworks */,
			);
			sourceTree = "<group>";
		};
		F934FC2E24FDC2EF00D78C35 /* Products */ = {
			isa = PBXGroup;
			children = (
				F934FC2D24FDC2EF00D78C35 /* oramaDesafio.app */,
			);
			name = Products;
			sourceTree = "<group>";
		};
		F934FC2F24FDC2EF00D78C35 /* oramaDesafio */ = {
			isa = PBXGroup;
			children = (
				F934FC3024FDC2EF00D78C35 /* AppDelegate.swift */,
				F934FC3224FDC2EF00D78C35 /* SceneDelegate.swift */,
				F98A912924FEC2090045EC4F /* Model */,
				F98A912524FEC1D60045EC4F /* Controller */,
				F98A913224FF181E0045EC4F /* View */,
				F98A913A2503EEFE0045EC4F /* Network */,
				F98A913D250554FE0045EC4F /* Database */,
				F934FC3924FDC2F900D78C35 /* Assets.xcassets */,
				F98A912A24FEC2A70045EC4F /* LaunchScreen.storyboard */,
				F934FC3E24FDC2F900D78C35 /* Info.plist */,
			);
			path = oramaDesafio;
			sourceTree = "<group>";
		};
		F98A912524FEC1D60045EC4F /* Controller */ = {
			isa = PBXGroup;
			children = (
				F934FC3424FDC2EF00D78C35 /* FundoCollectionViewController.swift */,
				F98A912E24FF125A0045EC4F /* DetailsFundoViewController.swift */,
				F98A91382501BCDB0045EC4F /* HistoricoViewController.swift */,
			);
			path = Controller;
			sourceTree = "<group>";
		};
		F98A912924FEC2090045EC4F /* Model */ = {
			isa = PBXGroup;
			children = (
				F98A912624FEC1F30045EC4F /* FundosJSON.swift */,
				F98A913B250428700045EC4F /* FundoDB.swift */,
			);
			path = Model;
			sourceTree = "<group>";
		};
		F98A913224FF181E0045EC4F /* View */ = {
			isa = PBXGroup;
			children = (
				F98A913024FF18180045EC4F /* FundoViewCell.swift */,
				F98A91362501BC810045EC4F /* HistoricoViewCell.swift */,
			);
			path = View;
			sourceTree = "<group>";
		};
		F98A913A2503EEFE0045EC4F /* Network */ = {
			isa = PBXGroup;
			children = (
				F98A912C24FED8810045EC4F /* Network.swift */,
			);
			path = Network;
			sourceTree = "<group>";
		};
		F98A913D250554FE0045EC4F /* Database */ = {
			isa = PBXGroup;
			children = (
				F98A913E250555110045EC4F /* Database.swift */,
			);
			path = Database;
			sourceTree = "<group>";
		};
/* End PBXGroup section */

/* Begin PBXNativeTarget section */
		F934FC2C24FDC2EF00D78C35 /* oramaDesafio */ = {
			isa = PBXNativeTarget;
			buildConfigurationList = F934FC4124FDC2F900D78C35 /* Build configuration list for PBXNativeTarget "oramaDesafio" */;
			buildPhases = (
				C397F742AECFE661481DAFBC /* [CP] Check Pods Manifest.lock */,
				F934FC2924FDC2EF00D78C35 /* Sources */,
				F934FC2A24FDC2EF00D78C35 /* Frameworks */,
				F934FC2B24FDC2EF00D78C35 /* Resources */,
				E995DEF9C9472C829CFFC25D /* [CP] Embed Pods Frameworks */,
			);
			buildRules = (
			);
			dependencies = (
			);
			name = oramaDesafio;
			productName = oramaDesafio;
			productReference = F934FC2D24FDC2EF00D78C35 /* oramaDesafio.app */;
			productType = "com.apple.product-type.application";
		};
/* End PBXNativeTarget section */

/* Begin PBXProject section */
		F934FC2524FDC2EF00D78C35 /* Project object */ = {
			isa = PBXProject;
			attributes = {
				LastSwiftUpdateCheck = 1160;
				LastUpgradeCheck = 1160;
				ORGANIZATIONNAME = "Eduardo ";
				TargetAttributes = {
					F934FC2C24FDC2EF00D78C35 = {
						CreatedOnToolsVersion = 11.6;
					};
				};
			};
			buildConfigurationList = F934FC2824FDC2EF00D78C35 /* Build configuration list for PBXProject "oramaDesafio" */;
			compatibilityVersion = "Xcode 9.3";
			developmentRegion = en;
			hasScannedForEncodings = 0;
			knownRegions = (
				en,
				Base,
			);
			mainGroup = F934FC2424FDC2EF00D78C35;
			productRefGroup = F934FC2E24FDC2EF00D78C35 /* Products */;
			projectDirPath = "";
			projectRoot = "";
			targets = (
				F934FC2C24FDC2EF00D78C35 /* oramaDesafio */,
			);
		};
/* End PBXProject section */

/* Begin PBXResourcesBuildPhase section */
		F934FC2B24FDC2EF00D78C35 /* Resources */ = {
			isa = PBXResourcesBuildPhase;
			buildActionMask = 2147483647;
			files = (
				F98A912B24FEC2A70045EC4F /* LaunchScreen.storyboard in Resources */,
				F934FC3A24FDC2F900D78C35 /* Assets.xcassets in Resources */,
			);
			runOnlyForDeploymentPostprocessing = 0;
		};
/* End PBXResourcesBuildPhase section */

/* Begin PBXShellScriptBuildPhase section */
		C397F742AECFE661481DAFBC /* [CP] Check Pods Manifest.lock */ = {
			isa = PBXShellScriptBuildPhase;
			buildActionMask = 2147483647;
			files = (
			);
			inputFileListPaths = (
			);
			inputPaths = (
				"${PODS_PODFILE_DIR_PATH}/Podfile.lock",
				"${PODS_ROOT}/Manifest.lock",
			);
			name = "[CP] Check Pods Manifest.lock";
			outputFileListPaths = (
			);
			outputPaths = (
				"$(DERIVED_FILE_DIR)/Pods-oramaDesafio-checkManifestLockResult.txt",
			);
			runOnlyForDeploymentPostprocessing = 0;
			shellPath = /bin/sh;
			shellScript = "diff \"${PODS_PODFILE_DIR_PATH}/Podfile.lock\" \"${PODS_ROOT}/Manifest.lock\" > /dev/null\nif [ $? != 0 ] ; then\n    # print error to STDERR\n    echo \"error: The sandbox is not in sync with the Podfile.lock. Run 'pod install' or update your CocoaPods installation.\" >&2\n    exit 1\nfi\n# This output is used by Xcode 'outputs' to avoid re-running this script phase.\necho \"SUCCESS\" > \"${SCRIPT_OUTPUT_FILE_0}\"\n";
			showEnvVarsInLog = 0;
		};
		E995DEF9C9472C829CFFC25D /* [CP] Embed Pods Frameworks */ = {
			isa = PBXShellScriptBuildPhase;
			buildActionMask = 2147483647;
			files = (
			);
			inputFileListPaths = (
				"${PODS_ROOT}/Target Support Files/Pods-oramaDesafio/Pods-oramaDesafio-frameworks-${CONFIGURATION}-input-files.xcfilelist",
			);
			name = "[CP] Embed Pods Frameworks";
			outputFileListPaths = (
				"${PODS_ROOT}/Target Support Files/Pods-oramaDesafio/Pods-oramaDesafio-frameworks-${CONFIGURATION}-output-files.xcfilelist",
			);
			runOnlyForDeploymentPostprocessing = 0;
			shellPath = /bin/sh;
			shellScript = "\"${PODS_ROOT}/Target Support Files/Pods-oramaDesafio/Pods-oramaDesafio-frameworks.sh\"\n";
			showEnvVarsInLog = 0;
		};
/* End PBXShellScriptBuildPhase section */

/* Begin PBXSourcesBuildPhase section */
		F934FC2924FDC2EF00D78C35 /* Sources */ = {
			isa = PBXSourcesBuildPhase;
			buildActionMask = 2147483647;
			files = (
				F98A913C250428700045EC4F /* FundoDB.swift in Sources */,
				F98A913F250555120045EC4F /* Database.swift in Sources */,
				F98A913124FF18190045EC4F /* FundoViewCell.swift in Sources */,
				F98A912D24FED8810045EC4F /* Network.swift in Sources */,
				F98A91372501BC810045EC4F /* HistoricoViewCell.swift in Sources */,
				F98A91392501BCDB0045EC4F /* HistoricoViewController.swift in Sources */,
				F934FC3524FDC2EF00D78C35 /* FundoCollectionViewController.swift in Sources */,
				F98A912F24FF125A0045EC4F /* DetailsFundoViewController.swift in Sources */,
				F934FC3124FDC2EF00D78C35 /* AppDelegate.swift in Sources */,
				F98A912724FEC1F30045EC4F /* FundosJSON.swift in Sources */,
				F934FC3324FDC2EF00D78C35 /* SceneDelegate.swift in Sources */,
			);
			runOnlyForDeploymentPostprocessing = 0;
		};
/* End PBXSourcesBuildPhase section */

/* Begin XCBuildConfiguration section */
		F934FC3F24FDC2F900D78C35 /* Debug */ = {
			isa = XCBuildConfiguration;
			buildSettings = {
				ALWAYS_SEARCH_USER_PATHS = NO;
				CLANG_ANALYZER_NONNULL = YES;
				CLANG_ANALYZER_NUMBER_OBJECT_CONVERSION = YES_AGGRESSIVE;
				CLANG_CXX_LANGUAGE_STANDARD = "gnu++14";
				CLANG_CXX_LIBRARY = "libc++";
				CLANG_ENABLE_MODULES = YES;
				CLANG_ENABLE_OBJC_ARC = YES;
				CLANG_ENABLE_OBJC_WEAK = YES;
				CLANG_WARN_BLOCK_CAPTURE_AUTORELEASING = YES;
				CLANG_WARN_BOOL_CONVERSION = YES;
				CLANG_WARN_COMMA = YES;
				CLANG_WARN_CONSTANT_CONVERSION = YES;
				CLANG_WARN_DEPRECATED_OBJC_IMPLEMENTATIONS = YES;
				CLANG_WARN_DIRECT_OBJC_ISA_USAGE = YES_ERROR;
				CLANG_WARN_DOCUMENTATION_COMMENTS = YES;
				CLANG_WARN_EMPTY_BODY = YES;
				CLANG_WARN_ENUM_CONVERSION = YES;
				CLANG_WARN_INFINITE_RECURSION = YES;
				CLANG_WARN_INT_CONVERSION = YES;
				CLANG_WARN_NON_LITERAL_NULL_CONVERSION = YES;
				CLANG_WARN_OBJC_IMPLICIT_RETAIN_SELF = YES;
				CLANG_WARN_OBJC_LITERAL_CONVERSION = YES;
				CLANG_WARN_OBJC_ROOT_CLASS = YES_ERROR;
				CLANG_WARN_RANGE_LOOP_ANALYSIS = YES;
				CLANG_WARN_STRICT_PROTOTYPES = YES;
				CLANG_WARN_SUSPICIOUS_MOVE = YES;
				CLANG_WARN_UNGUARDED_AVAILABILITY = YES_AGGRESSIVE;
				CLANG_WARN_UNREACHABLE_CODE = YES;
				CLANG_WARN__DUPLICATE_METHOD_MATCH = YES;
				COPY_PHASE_STRIP = NO;
				DEBUG_INFORMATION_FORMAT = dwarf;
				ENABLE_STRICT_OBJC_MSGSEND = YES;
				ENABLE_TESTABILITY = YES;
				GCC_C_LANGUAGE_STANDARD = gnu11;
				GCC_DYNAMIC_NO_PIC = NO;
				GCC_NO_COMMON_BLOCKS = YES;
				GCC_OPTIMIZATION_LEVEL = 0;
				GCC_PREPROCESSOR_DEFINITIONS = (
					"DEBUG=1",
					"$(inherited)",
				);
				GCC_WARN_64_TO_32_BIT_CONVERSION = YES;
				GCC_WARN_ABOUT_RETURN_TYPE = YES_ERROR;
				GCC_WARN_UNDECLARED_SELECTOR = YES;
				GCC_WARN_UNINITIALIZED_AUTOS = YES_AGGRESSIVE;
				GCC_WARN_UNUSED_FUNCTION = YES;
				GCC_WARN_UNUSED_VARIABLE = YES;
				IPHONEOS_DEPLOYMENT_TARGET = 10.0;
				MTL_ENABLE_DEBUG_INFO = INCLUDE_SOURCE;
				MTL_FAST_MATH = YES;
				ONLY_ACTIVE_ARCH = YES;
				SDKROOT = iphoneos;
				SWIFT_ACTIVE_COMPILATION_CONDITIONS = DEBUG;
				SWIFT_OPTIMIZATION_LEVEL = "-Onone";
			};
			name = Debug;
		};
		F934FC4024FDC2F900D78C35 /* Release */ = {
			isa = XCBuildConfiguration;
			buildSettings = {
				ALWAYS_SEARCH_USER_PATHS = NO;
				CLANG_ANALYZER_NONNULL = YES;
				CLANG_ANALYZER_NUMBER_OBJECT_CONVERSION = YES_AGGRESSIVE;
				CLANG_CXX_LANGUAGE_STANDARD = "gnu++14";
				CLANG_CXX_LIBRARY = "libc++";
				CLANG_ENABLE_MODULES = YES;
				CLANG_ENABLE_OBJC_ARC = YES;
				CLANG_ENABLE_OBJC_WEAK = YES;
				CLANG_WARN_BLOCK_CAPTURE_AUTORELEASING = YES;
				CLANG_WARN_BOOL_CONVERSION = YES;
				CLANG_WARN_COMMA = YES;
				CLANG_WARN_CONSTANT_CONVERSION = YES;
				CLANG_WARN_DEPRECATED_OBJC_IMPLEMENTATIONS = YES;
				CLANG_WARN_DIRECT_OBJC_ISA_USAGE = YES_ERROR;
				CLANG_WARN_DOCUMENTATION_COMMENTS = YES;
				CLANG_WARN_EMPTY_BODY = YES;
				CLANG_WARN_ENUM_CONVERSION = YES;
				CLANG_WARN_INFINITE_RECURSION = YES;
				CLANG_WARN_INT_CONVERSION = YES;
				CLANG_WARN_NON_LITERAL_NULL_CONVERSION = YES;
				CLANG_WARN_OBJC_IMPLICIT_RETAIN_SELF = YES;
				CLANG_WARN_OBJC_LITERAL_CONVERSION = YES;
				CLANG_WARN_OBJC_ROOT_CLASS = YES_ERROR;
				CLANG_WARN_RANGE_LOOP_ANALYSIS = YES;
				CLANG_WARN_STRICT_PROTOTYPES = YES;
				CLANG_WARN_SUSPICIOUS_MOVE = YES;
				CLANG_WARN_UNGUARDED_AVAILABILITY = YES_AGGRESSIVE;
				CLANG_WARN_UNREACHABLE_CODE = YES;
				CLANG_WARN__DUPLICATE_METHOD_MATCH = YES;
				COPY_PHASE_STRIP = NO;
				DEBUG_INFORMATION_FORMAT = "dwarf-with-dsym";
				ENABLE_NS_ASSERTIONS = NO;
				ENABLE_STRICT_OBJC_MSGSEND = YES;
				GCC_C_LANGUAGE_STANDARD = gnu11;
				GCC_NO_COMMON_BLOCKS = YES;
				GCC_WARN_64_TO_32_BIT_CONVERSION = YES;
				GCC_WARN_ABOUT_RETURN_TYPE = YES_ERROR;
				GCC_WARN_UNDECLARED_SELECTOR = YES;
				GCC_WARN_UNINITIALIZED_AUTOS = YES_AGGRESSIVE;
				GCC_WARN_UNUSED_FUNCTION = YES;
				GCC_WARN_UNUSED_VARIABLE = YES;
				IPHONEOS_DEPLOYMENT_TARGET = 10.0;
				MTL_ENABLE_DEBUG_INFO = NO;
				MTL_FAST_MATH = YES;
				SDKROOT = iphoneos;
				SWIFT_COMPILATION_MODE = wholemodule;
				SWIFT_OPTIMIZATION_LEVEL = "-O";
				VALIDATE_PRODUCT = YES;
			};
			name = Release;
		};
		F934FC4224FDC2F900D78C35 /* Debug */ = {
			isa = XCBuildConfiguration;
			baseConfigurationReference = 1838B968FDE3E6ABA3F5C46E /* Pods-oramaDesafio.debug.xcconfig */;
			buildSettings = {
				ASSETCATALOG_COMPILER_APPICON_NAME = AppIcon;
				CODE_SIGN_STYLE = Automatic;
				DEVELOPMENT_TEAM = 8NY9G9332F;
				INFOPLIST_FILE = oramaDesafio/Info.plist;
				IPHONEOS_DEPLOYMENT_TARGET = 10.0;
				LD_RUNPATH_SEARCH_PATHS = (
					"$(inherited)",
					"@executable_path/Frameworks",
				);
				PRODUCT_BUNDLE_IDENTIFIER = com.eduardo.oramaDesafio;
				PRODUCT_NAME = "$(TARGET_NAME)";
				SWIFT_VERSION = 5.0;
				TARGETED_DEVICE_FAMILY = "1,2";
			};
			name = Debug;
		};
		F934FC4324FDC2F900D78C35 /* Release */ = {
			isa = XCBuildConfiguration;
			baseConfigurationReference = CE812F0E9CBBDA8336F5BFDC /* Pods-oramaDesafio.release.xcconfig */;
			buildSettings = {
				ASSETCATALOG_COMPILER_APPICON_NAME = AppIcon;
				CODE_SIGN_STYLE = Automatic;
				DEVELOPMENT_TEAM = 8NY9G9332F;
				INFOPLIST_FILE = oramaDesafio/Info.plist;
				IPHONEOS_DEPLOYMENT_TARGET = 10.0;
				LD_RUNPATH_SEARCH_PATHS = (
					"$(inherited)",
					"@executable_path/Frameworks",
				);
				PRODUCT_BUNDLE_IDENTIFIER = com.eduardo.oramaDesafio;
				PRODUCT_NAME = "$(TARGET_NAME)";
				SWIFT_VERSION = 5.0;
				TARGETED_DEVICE_FAMILY = "1,2";
			};
			name = Release;
		};
/* End XCBuildConfiguration section */

/* Begin XCConfigurationList section */
		F934FC2824FDC2EF00D78C35 /* Build configuration list for PBXProject "oramaDesafio" */ = {
			isa = XCConfigurationList;
			buildConfigurations = (
				F934FC3F24FDC2F900D78C35 /* Debug */,
				F934FC4024FDC2F900D78C35 /* Release */,
			);
			defaultConfigurationIsVisible = 0;
			defaultConfigurationName = Release;
		};
		F934FC4124FDC2F900D78C35 /* Build configuration list for PBXNativeTarget "oramaDesafio" */ = {
			isa = XCConfigurationList;
			buildConfigurations = (
				F934FC4224FDC2F900D78C35 /* Debug */,
				F934FC4324FDC2F900D78C35 /* Release */,
			);
			defaultConfigurationIsVisible = 0;
			defaultConfigurationName = Release;
		};
/* End XCConfigurationList section */
	};
	rootObject = F934FC2524FDC2EF00D78C35 /* Project object */;
}
